
Microsoft Visual Studio Solution File, Format Version 12.00
# Visual Studio Version 16
VisualStudioVersion = 16.0.32630.194
MinimumVisualStudioVersion = 10.0.40219.1
Project("{FAE04EC0-301F-11D3-BF4B-00C04F79EFBC}") = "XOFinal", "XOFinal\XOFinal.csproj", "{3B7B915D-0366-4F76-AA26-E0FE2B262821}"
EndProject
Global
	GlobalSection(SolutionConfigurationPlatforms) = preSolution
		Debug|Any CPU = Debug|Any CPU
		Release|Any CPU = Release|Any CPU
	EndGlobalSection
	GlobalSection(ProjectConfigurationPlatforms) = postSolution
		{3B7B915D-0366-4F76-AA26-E0FE2B262821}.Debug|Any CPU.ActiveCfg = Debug|Any CPU
		{3B7B915D-0366-4F76-AA26-E0FE2B262821}.Debug|Any CPU.Build.0 = Debug|Any CPU
		{3B7B915D-0366-4F76-AA26-E0FE2B262821}.Release|Any CPU.ActiveCfg = Release|Any CPU
		{3B7B915D-0366-4F76-AA26-E0FE2B262821}.Release|Any CPU.Build.0 = Release|Any CPU
	EndGlobalSection
	GlobalSection(SolutionProperties) = preSolution
		HideSolutionNode = FALSE
	EndGlobalSection
	GlobalSection(ExtensibilityGlobals) = postSolution
		SolutionGuid = {8B906047-F3DF-492C-9FDB-3F145D87EBC3}
	EndGlobalSection
EndGlobal
